
Microsoft Visual Studio Solution File, Format Version 12.00
# Visual Studio Version 17
VisualStudioVersion = 17.0.31903.59
MinimumVisualStudioVersion = 10.0.40219.1
Project("{FAE04EC0-301F-11D3-BF4B-00C04F79EFBC}") = "TecNM.Practica1.App", "TecNM.Practica1.App\TecNM.Practica1.App.csproj", "{354C3662-4184-41EA-9378-6D7B3A06895C}"
EndProject
Project("{FAE04EC0-301F-11D3-BF4B-00C04F79EFBC}") = "TecNM.Practica1.Console", "TecNM.Practica1.Console\TecNM.Practica1.Console.csproj", "{9DCF8FD1-4694-4CF6-B4E6-CFD95E22E119}"
EndProject
Project("{FAE04EC0-301F-11D3-BF4B-00C04F79EFBC}") = "TecNM.Practica1.Core", "TecNM.Practica1.Core\TecNM.Practica1.Core.csproj", "{49521C35-0AE3-402F-A0AD-BD5C2BBE910C}"
EndProject
Global
	GlobalSection(SolutionConfigurationPlatforms) = preSolution
		Debug|Any CPU = Debug|Any CPU
		Release|Any CPU = Release|Any CPU
	EndGlobalSection
	GlobalSection(SolutionProperties) = preSolution
		HideSolutionNode = FALSE
	EndGlobalSection
	GlobalSection(ProjectConfigurationPlatforms) = postSolution
		{354C3662-4184-41EA-9378-6D7B3A06895C}.Debug|Any CPU.ActiveCfg = Debug|Any CPU
		{354C3662-4184-41EA-9378-6D7B3A06895C}.Debug|Any CPU.Build.0 = Debug|Any CPU
		{354C3662-4184-41EA-9378-6D7B3A06895C}.Release|Any CPU.ActiveCfg = Release|Any CPU
		{354C3662-4184-41EA-9378-6D7B3A06895C}.Release|Any CPU.Build.0 = Release|Any CPU
		{9DCF8FD1-4694-4CF6-B4E6-CFD95E22E119}.Debug|Any CPU.ActiveCfg = Debug|Any CPU
		{9DCF8FD1-4694-4CF6-B4E6-CFD95E22E119}.Debug|Any CPU.Build.0 = Debug|Any CPU
		{9DCF8FD1-4694-4CF6-B4E6-CFD95E22E119}.Release|Any CPU.ActiveCfg = Release|Any CPU
		{9DCF8FD1-4694-4CF6-B4E6-CFD95E22E119}.Release|Any CPU.Build.0 = Release|Any CPU
		{49521C35-0AE3-402F-A0AD-BD5C2BBE910C}.Debug|Any CPU.ActiveCfg = Debug|Any CPU
		{49521C35-0AE3-402F-A0AD-BD5C2BBE910C}.Debug|Any CPU.Build.0 = Debug|Any CPU
		{49521C35-0AE3-402F-A0AD-BD5C2BBE910C}.Release|Any CPU.ActiveCfg = Release|Any CPU
		{49521C35-0AE3-402F-A0AD-BD5C2BBE910C}.Release|Any CPU.Build.0 = Release|Any CPU
	EndGlobalSection
EndGlobal
